// !$*UTF8*$!
{
	archiveVersion = 1;
	classes = {
	};
	objectVersion = 46;
	objects = {

/* Begin PBXBuildFile section */
		3F1956A41B789BE7003A5575 /* Waver.m in Sources */ = {isa = PBXBuildFile; fileRef = 3F1956A31B789BE7003A5575 /* Waver.m */; };
		3F1956C01B78B95A003A5575 /* Info.plist in Resources */ = {isa = PBXBuildFile; fileRef = 3F1956A61B78B95A003A5575 /* Info.plist */; };
		3F1956C11B78B95A003A5575 /* MASCompositeConstraint.m in Sources */ = {isa = PBXBuildFile; fileRef = 3F1956A81B78B95A003A5575 /* MASCompositeConstraint.m */; };
		3F1956C21B78B95A003A5575 /* MASConstraint.m in Sources */ = {isa = PBXBuildFile; fileRef = 3F1956AB1B78B95A003A5575 /* MASConstraint.m */; };
		3F1956C31B78B95A003A5575 /* MASConstraintMaker.m in Sources */ = {isa = PBXBuildFile; fileRef = 3F1956AD1B78B95A003A5575 /* MASConstraintMaker.m */; };
		3F1956C41B78B95A003A5575 /* MASLayoutConstraint.m in Sources */ = {isa = PBXBuildFile; fileRef = 3F1956AF1B78B95A003A5575 /* MASLayoutConstraint.m */; };
		3F1956C51B78B95A003A5575 /* MASViewAttribute.m in Sources */ = {isa = PBXBuildFile; fileRef = 3F1956B31B78B95A003A5575 /* MASViewAttribute.m */; };
		3F1956C61B78B95A003A5575 /* MASViewConstraint.m in Sources */ = {isa = PBXBuildFile; fileRef = 3F1956B51B78B95A003A5575 /* MASViewConstraint.m */; };
		3F1956C71B78B95A003A5575 /* NSArray+MASAdditions.m in Sources */ = {isa = PBXBuildFile; fileRef = 3F1956B71B78B95A003A5575 /* NSArray+MASAdditions.m */; };
		3F1956C81B78B95A003A5575 /* NSLayoutConstraint+MASDebugAdditions.m in Sources */ = {isa = PBXBuildFile; fileRef = 3F1956BA1B78B95A003A5575 /* NSLayoutConstraint+MASDebugAdditions.m */; };
		3F1956C91B78B95A003A5575 /* View+MASAdditions.m in Sources */ = {isa = PBXBuildFile; fileRef = 3F1956BC1B78B95A003A5575 /* View+MASAdditions.m */; };
		3F1956CA1B78B95A003A5575 /* ViewController+MASAdditions.m in Sources */ = {isa = PBXBuildFile; fileRef = 3F1956BF1B78B95A003A5575 /* ViewController+MASAdditions.m */; };
		3F1956CD1B78B98F003A5575 /* CLFIncenseView.m in Sources */ = {isa = PBXBuildFile; fileRef = 3F1956CC1B78B98F003A5575 /* CLFIncenseView.m */; };
		3F3AA2B71B7B0BFD00DD9E84 /* BMWaveLayer.m in Sources */ = {isa = PBXBuildFile; fileRef = 3F3AA2B41B7B0BFD00DD9E84 /* BMWaveLayer.m */; };
		3F3AA2B81B7B0BFD00DD9E84 /* BMWaveMaker.m in Sources */ = {isa = PBXBuildFile; fileRef = 3F3AA2B61B7B0BFD00DD9E84 /* BMWaveMaker.m */; };
		3F3AF0781B8C7D090016D548 /* 4.mp3 in Resources */ = {isa = PBXBuildFile; fileRef = 3F3AF0771B8C7D090016D548 /* 4.mp3 */; };
		3F48CDF81B78777F00F889BC /* main.m in Sources */ = {isa = PBXBuildFile; fileRef = 3F48CDF71B78777F00F889BC /* main.m */; };
		3F48CDFB1B78777F00F889BC /* AppDelegate.m in Sources */ = {isa = PBXBuildFile; fileRef = 3F48CDFA1B78777F00F889BC /* AppDelegate.m */; };
		3F48CDFE1B78777F00F889BC /* CLFMainViewController.m in Sources */ = {isa = PBXBuildFile; fileRef = 3F48CDFD1B78777F00F889BC /* CLFMainViewController.m */; };
		3F48CE031B78777F00F889BC /* Images.xcassets in Resources */ = {isa = PBXBuildFile; fileRef = 3F48CE021B78777F00F889BC /* Images.xcassets */; };
		3F48CE121B78777F00F889BC /* IncenseTests.m in Sources */ = {isa = PBXBuildFile; fileRef = 3F48CE111B78777F00F889BC /* IncenseTests.m */; };
		3F4EA70C1BAFCC22002E4A8C /* STFangsong.ttf in Resources */ = {isa = PBXBuildFile; fileRef = 3F4EA70B1BAFCC22002E4A8C /* STFangsong.ttf */; settings = {ASSET_TAGS = (); }; };
		3F55A5B51B862BA0000FAE56 /* CLFMathTools.m in Sources */ = {isa = PBXBuildFile; fileRef = 3F55A5B41B862BA0000FAE56 /* CLFMathTools.m */; };
		3F55A5B81B862DC3000FAE56 /* CLFNewFeatureController.m in Sources */ = {isa = PBXBuildFile; fileRef = 3F55A5B71B862DC3000FAE56 /* CLFNewFeatureController.m */; };
		3F67E2831B8EF78200BBBC04 /* libc++.dylib in Frameworks */ = {isa = PBXBuildFile; fileRef = 3F67E2821B8EF78200BBBC04 /* libc++.dylib */; };
		3F67E29E1B8EF88200BBBC04 /* WeixinActivity.m in Sources */ = {isa = PBXBuildFile; fileRef = 3F67E28F1B8EF88200BBBC04 /* WeixinActivity.m */; };
		3F67E29F1B8EF88200BBBC04 /* WeixinActivityBase.m in Sources */ = {isa = PBXBuildFile; fileRef = 3F67E2911B8EF88200BBBC04 /* WeixinActivityBase.m */; };
		3F67E2A01B8EF88200BBBC04 /* WeixinSessionActivity.m in Sources */ = {isa = PBXBuildFile; fileRef = 3F67E2931B8EF88200BBBC04 /* WeixinSessionActivity.m */; };
		3F67E2A11B8EF88200BBBC04 /* WeixinTimelineActivity.m in Sources */ = {isa = PBXBuildFile; fileRef = 3F67E2951B8EF88200BBBC04 /* WeixinTimelineActivity.m */; };
		3F67E2A31B8EFA8200BBBC04 /* libz.dylib in Frameworks */ = {isa = PBXBuildFile; fileRef = 3F67E2A21B8EFA8200BBBC04 /* libz.dylib */; };
		3F67E2A51B8EFA9100BBBC04 /* libsqlite3.0.dylib in Frameworks */ = {isa = PBXBuildFile; fileRef = 3F67E2A41B8EFA9100BBBC04 /* libsqlite3.0.dylib */; };
		3F67E2A71B8EFA9F00BBBC04 /* SystemConfiguration.framework in Frameworks */ = {isa = PBXBuildFile; fileRef = 3F67E2A61B8EFA9F00BBBC04 /* SystemConfiguration.framework */; };
		3F69D23E1B846E0A00DD6B03 /* CLFCloud.m in Sources */ = {isa = PBXBuildFile; fileRef = 3F69D23D1B846E0A00DD6B03 /* CLFCloud.m */; };
		3F710C421BAE67DB006B1044 /* CLFCardView.m in Sources */ = {isa = PBXBuildFile; fileRef = 3F710C411BAE67DB006B1044 /* CLFCardView.m */; settings = {ASSET_TAGS = (); }; };
		3F7F66531B7D91E20045C689 /* Fire.gif in Resources */ = {isa = PBXBuildFile; fileRef = 3F7F66521B7D91E20045C689 /* Fire.gif */; };
		3F7F66581B7DFD390045C689 /* LaunchScreen.xib in Resources */ = {isa = PBXBuildFile; fileRef = 3F7F66571B7DFD390045C689 /* LaunchScreen.xib */; };
		3F8FDA5C1BB010D1004C86B5 /* CLFFunctions.c in Sources */ = {isa = PBXBuildFile; fileRef = 3F8FDA5A1BB010D1004C86B5 /* CLFFunctions.c */; settings = {ASSET_TAGS = (); }; };
		3F8FDA641BB02CB2004C86B5 /* CLFShareViewController.m in Sources */ = {isa = PBXBuildFile; fileRef = 3F8FDA631BB02CB2004C86B5 /* CLFShareViewController.m */; settings = {ASSET_TAGS = (); }; };
		3F8FDA6B1BB032A7004C86B5 /* CLFModalTransitionManager.m in Sources */ = {isa = PBXBuildFile; fileRef = 3F8FDA6A1BB032A7004C86B5 /* CLFModalTransitionManager.m */; settings = {ASSET_TAGS = (); }; };
		3FA747A51B8D950E001121AD /* 3.mp3 in Resources */ = {isa = PBXBuildFile; fileRef = 3FA747A41B8D950E001121AD /* 3.mp3 */; };
		3FA8695D1B858C3B00799E0A /* CLFPlayButton.m in Sources */ = {isa = PBXBuildFile; fileRef = 3FA8695C1B858C3B00799E0A /* CLFPlayButton.m */; };
		3FA869631B85C98A00799E0A /* 2.mp3 in Resources */ = {isa = PBXBuildFile; fileRef = 3FA869601B85C98A00799E0A /* 2.mp3 */; };
		3FB5EA7E1B8E16AA00CDF0B0 /* libWeChatSDK.a in Frameworks */ = {isa = PBXBuildFile; fileRef = 3FB5EA7A1B8E16AA00CDF0B0 /* libWeChatSDK.a */; };
		3FB5EA7F1B8E16AA00CDF0B0 /* read_me.txt in Resources */ = {isa = PBXBuildFile; fileRef = 3FB5EA7B1B8E16AA00CDF0B0 /* read_me.txt */; };
		3FCB4CF51B86C33B00B854E4 /* CLFEndView.m in Sources */ = {isa = PBXBuildFile; fileRef = 3FCB4CF41B86C33B00B854E4 /* CLFEndView.m */; };
		3FCF3A541B7B9F2D00B9FFFF /* UIImage+animatedGIF.m in Sources */ = {isa = PBXBuildFile; fileRef = 3FCF3A531B7B9F2D00B9FFFF /* UIImage+animatedGIF.m */; };
		3FDEF5B41B8D6DAE00A65DC1 /* CLFEndButton.m in Sources */ = {isa = PBXBuildFile; fileRef = 3FDEF5B31B8D6DAE00A65DC1 /* CLFEndButton.m */; };
		3FE6F4941B887B6000D06810 /* CLFPageControl.m in Sources */ = {isa = PBXBuildFile; fileRef = 3FE6F4931B887B6000D06810 /* CLFPageControl.m */; };
		3FE6F4981B88A05A00D06810 /* CLFAudioPlayView.m in Sources */ = {isa = PBXBuildFile; fileRef = 3FE6F4971B88A05A00D06810 /* CLFAudioPlayView.m */; };
		6A7089391B8EF4C70047ED0B /* Fabric.framework in Frameworks */ = {isa = PBXBuildFile; fileRef = 6A7089371B8EF4C70047ED0B /* Fabric.framework */; };
		6A70893A1B8EF4C70047ED0B /* Crashlytics.framework in Frameworks */ = {isa = PBXBuildFile; fileRef = 6A7089381B8EF4C70047ED0B /* Crashlytics.framework */; };
/* End PBXBuildFile section */

/* Begin PBXContainerItemProxy section */
		3F48CE0C1B78777F00F889BC /* PBXContainerItemProxy */ = {
			isa = PBXContainerItemProxy;
			containerPortal = 3F48CDEA1B78777F00F889BC /* Project object */;
			proxyType = 1;
			remoteGlobalIDString = 3F48CDF11B78777F00F889BC;
			remoteInfo = Incense;
		};
/* End PBXContainerItemProxy section */

/* Begin PBXFileReference section */
		3F1956A21B789BE7003A5575 /* Waver.h */ = {isa = PBXFileReference; fileEncoding = 4; lastKnownFileType = sourcecode.c.h; path = Waver.h; sourceTree = "<group>"; };
		3F1956A31B789BE7003A5575 /* Waver.m */ = {isa = PBXFileReference; fileEncoding = 4; lastKnownFileType = sourcecode.c.objc; path = Waver.m; sourceTree = "<group>"; };
		3F1956A61B78B95A003A5575 /* Info.plist */ = {isa = PBXFileReference; fileEncoding = 4; lastKnownFileType = text.plist.xml; path = Info.plist; sourceTree = "<group>"; };
		3F1956A71B78B95A003A5575 /* MASCompositeConstraint.h */ = {isa = PBXFileReference; fileEncoding = 4; lastKnownFileType = sourcecode.c.h; path = MASCompositeConstraint.h; sourceTree = "<group>"; };
		3F1956A81B78B95A003A5575 /* MASCompositeConstraint.m */ = {isa = PBXFileReference; fileEncoding = 4; lastKnownFileType = sourcecode.c.objc; path = MASCompositeConstraint.m; sourceTree = "<group>"; };
		3F1956A91B78B95A003A5575 /* MASConstraint+Private.h */ = {isa = PBXFileReference; fileEncoding = 4; lastKnownFileType = sourcecode.c.h; path = "MASConstraint+Private.h"; sourceTree = "<group>"; };
		3F1956AA1B78B95A003A5575 /* MASConstraint.h */ = {isa = PBXFileReference; fileEncoding = 4; lastKnownFileType = sourcecode.c.h; path = MASConstraint.h; sourceTree = "<group>"; };
		3F1956AB1B78B95A003A5575 /* MASConstraint.m */ = {isa = PBXFileReference; fileEncoding = 4; lastKnownFileType = sourcecode.c.objc; path = MASConstraint.m; sourceTree = "<group>"; };
		3F1956AC1B78B95A003A5575 /* MASConstraintMaker.h */ = {isa = PBXFileReference; fileEncoding = 4; lastKnownFileType = sourcecode.c.h; path = MASConstraintMaker.h; sourceTree = "<group>"; };
		3F1956AD1B78B95A003A5575 /* MASConstraintMaker.m */ = {isa = PBXFileReference; fileEncoding = 4; lastKnownFileType = sourcecode.c.objc; path = MASConstraintMaker.m; sourceTree = "<group>"; };
		3F1956AE1B78B95A003A5575 /* MASLayoutConstraint.h */ = {isa = PBXFileReference; fileEncoding = 4; lastKnownFileType = sourcecode.c.h; path = MASLayoutConstraint.h; sourceTree = "<group>"; };
		3F1956AF1B78B95A003A5575 /* MASLayoutConstraint.m */ = {isa = PBXFileReference; fileEncoding = 4; lastKnownFileType = sourcecode.c.objc; path = MASLayoutConstraint.m; sourceTree = "<group>"; };
		3F1956B01B78B95A003A5575 /* Masonry.h */ = {isa = PBXFileReference; fileEncoding = 4; lastKnownFileType = sourcecode.c.h; path = Masonry.h; sourceTree = "<group>"; };
		3F1956B11B78B95A003A5575 /* MASUtilities.h */ = {isa = PBXFileReference; fileEncoding = 4; lastKnownFileType = sourcecode.c.h; path = MASUtilities.h; sourceTree = "<group>"; };
		3F1956B21B78B95A003A5575 /* MASViewAttribute.h */ = {isa = PBXFileReference; fileEncoding = 4; lastKnownFileType = sourcecode.c.h; path = MASViewAttribute.h; sourceTree = "<group>"; };
		3F1956B31B78B95A003A5575 /* MASViewAttribute.m */ = {isa = PBXFileReference; fileEncoding = 4; lastKnownFileType = sourcecode.c.objc; path = MASViewAttribute.m; sourceTree = "<group>"; };
		3F1956B41B78B95A003A5575 /* MASViewConstraint.h */ = {isa = PBXFileReference; fileEncoding = 4; lastKnownFileType = sourcecode.c.h; path = MASViewConstraint.h; sourceTree = "<group>"; };
		3F1956B51B78B95A003A5575 /* MASViewConstraint.m */ = {isa = PBXFileReference; fileEncoding = 4; lastKnownFileType = sourcecode.c.objc; path = MASViewConstraint.m; sourceTree = "<group>"; };
		3F1956B61B78B95A003A5575 /* NSArray+MASAdditions.h */ = {isa = PBXFileReference; fileEncoding = 4; lastKnownFileType = sourcecode.c.h; path = "NSArray+MASAdditions.h"; sourceTree = "<group>"; };
		3F1956B71B78B95A003A5575 /* NSArray+MASAdditions.m */ = {isa = PBXFileReference; fileEncoding = 4; lastKnownFileType = sourcecode.c.objc; path = "NSArray+MASAdditions.m"; sourceTree = "<group>"; };
		3F1956B81B78B95A003A5575 /* NSArray+MASShorthandAdditions.h */ = {isa = PBXFileReference; fileEncoding = 4; lastKnownFileType = sourcecode.c.h; path = "NSArray+MASShorthandAdditions.h"; sourceTree = "<group>"; };
		3F1956B91B78B95A003A5575 /* NSLayoutConstraint+MASDebugAdditions.h */ = {isa = PBXFileReference; fileEncoding = 4; lastKnownFileType = sourcecode.c.h; path = "NSLayoutConstraint+MASDebugAdditions.h"; sourceTree = "<group>"; };
		3F1956BA1B78B95A003A5575 /* NSLayoutConstraint+MASDebugAdditions.m */ = {isa = PBXFileReference; fileEncoding = 4; lastKnownFileType = sourcecode.c.objc; path = "NSLayoutConstraint+MASDebugAdditions.m"; sourceTree = "<group>"; };
		3F1956BB1B78B95A003A5575 /* View+MASAdditions.h */ = {isa = PBXFileReference; fileEncoding = 4; lastKnownFileType = sourcecode.c.h; path = "View+MASAdditions.h"; sourceTree = "<group>"; };
		3F1956BC1B78B95A003A5575 /* View+MASAdditions.m */ = {isa = PBXFileReference; fileEncoding = 4; lastKnownFileType = sourcecode.c.objc; path = "View+MASAdditions.m"; sourceTree = "<group>"; };
		3F1956BD1B78B95A003A5575 /* View+MASShorthandAdditions.h */ = {isa = PBXFileReference; fileEncoding = 4; lastKnownFileType = sourcecode.c.h; path = "View+MASShorthandAdditions.h"; sourceTree = "<group>"; };
		3F1956BE1B78B95A003A5575 /* ViewController+MASAdditions.h */ = {isa = PBXFileReference; fileEncoding = 4; lastKnownFileType = sourcecode.c.h; path = "ViewController+MASAdditions.h"; sourceTree = "<group>"; };
		3F1956BF1B78B95A003A5575 /* ViewController+MASAdditions.m */ = {isa = PBXFileReference; fileEncoding = 4; lastKnownFileType = sourcecode.c.objc; path = "ViewController+MASAdditions.m"; sourceTree = "<group>"; };
		3F1956CB1B78B98F003A5575 /* CLFIncenseView.h */ = {isa = PBXFileReference; fileEncoding = 4; lastKnownFileType = sourcecode.c.h; path = CLFIncenseView.h; sourceTree = "<group>"; };
		3F1956CC1B78B98F003A5575 /* CLFIncenseView.m */ = {isa = PBXFileReference; fileEncoding = 4; lastKnownFileType = sourcecode.c.objc; path = CLFIncenseView.m; sourceTree = "<group>"; };
		3F3AA2B31B7B0BFD00DD9E84 /* BMWaveLayer.h */ = {isa = PBXFileReference; fileEncoding = 4; lastKnownFileType = sourcecode.c.h; path = BMWaveLayer.h; sourceTree = "<group>"; };
		3F3AA2B41B7B0BFD00DD9E84 /* BMWaveLayer.m */ = {isa = PBXFileReference; fileEncoding = 4; lastKnownFileType = sourcecode.c.objc; path = BMWaveLayer.m; sourceTree = "<group>"; };
		3F3AA2B51B7B0BFD00DD9E84 /* BMWaveMaker.h */ = {isa = PBXFileReference; fileEncoding = 4; lastKnownFileType = sourcecode.c.h; path = BMWaveMaker.h; sourceTree = "<group>"; };
		3F3AA2B61B7B0BFD00DD9E84 /* BMWaveMaker.m */ = {isa = PBXFileReference; fileEncoding = 4; lastKnownFileType = sourcecode.c.objc; path = BMWaveMaker.m; sourceTree = "<group>"; };
		3F3AF0771B8C7D090016D548 /* 4.mp3 */ = {isa = PBXFileReference; lastKnownFileType = audio.mp3; path = 4.mp3; sourceTree = "<group>"; };
		3F48CDF21B78777F00F889BC /* Incense.app */ = {isa = PBXFileReference; explicitFileType = wrapper.application; includeInIndex = 0; path = Incense.app; sourceTree = BUILT_PRODUCTS_DIR; };
		3F48CDF61B78777F00F889BC /* Info.plist */ = {isa = PBXFileReference; lastKnownFileType = text.plist.xml; path = Info.plist; sourceTree = "<group>"; };
		3F48CDF71B78777F00F889BC /* main.m */ = {isa = PBXFileReference; lastKnownFileType = sourcecode.c.objc; path = main.m; sourceTree = "<group>"; };
		3F48CDF91B78777F00F889BC /* AppDelegate.h */ = {isa = PBXFileReference; lastKnownFileType = sourcecode.c.h; path = AppDelegate.h; sourceTree = "<group>"; };
		3F48CDFA1B78777F00F889BC /* AppDelegate.m */ = {isa = PBXFileReference; lastKnownFileType = sourcecode.c.objc; path = AppDelegate.m; sourceTree = "<group>"; };
		3F48CDFC1B78777F00F889BC /* CLFMainViewController.h */ = {isa = PBXFileReference; lastKnownFileType = sourcecode.c.h; path = CLFMainViewController.h; sourceTree = "<group>"; };
		3F48CDFD1B78777F00F889BC /* CLFMainViewController.m */ = {isa = PBXFileReference; lastKnownFileType = sourcecode.c.objc; path = CLFMainViewController.m; sourceTree = "<group>"; };
		3F48CE021B78777F00F889BC /* Images.xcassets */ = {isa = PBXFileReference; lastKnownFileType = folder.assetcatalog; path = Images.xcassets; sourceTree = "<group>"; };
		3F48CE0B1B78777F00F889BC /* IncenseTests.xctest */ = {isa = PBXFileReference; explicitFileType = wrapper.cfbundle; includeInIndex = 0; path = IncenseTests.xctest; sourceTree = BUILT_PRODUCTS_DIR; };
		3F48CE101B78777F00F889BC /* Info.plist */ = {isa = PBXFileReference; lastKnownFileType = text.plist.xml; path = Info.plist; sourceTree = "<group>"; };
		3F48CE111B78777F00F889BC /* IncenseTests.m */ = {isa = PBXFileReference; lastKnownFileType = sourcecode.c.objc; path = IncenseTests.m; sourceTree = "<group>"; };
		3F4EA70B1BAFCC22002E4A8C /* STFangsong.ttf */ = {isa = PBXFileReference; lastKnownFileType = file; path = STFangsong.ttf; sourceTree = "<group>"; };
		3F55A5B31B862BA0000FAE56 /* CLFMathTools.h */ = {isa = PBXFileReference; fileEncoding = 4; lastKnownFileType = sourcecode.c.h; path = CLFMathTools.h; sourceTree = "<group>"; };
		3F55A5B41B862BA0000FAE56 /* CLFMathTools.m */ = {isa = PBXFileReference; fileEncoding = 4; lastKnownFileType = sourcecode.c.objc; path = CLFMathTools.m; sourceTree = "<group>"; };
		3F55A5B61B862DC3000FAE56 /* CLFNewFeatureController.h */ = {isa = PBXFileReference; fileEncoding = 4; lastKnownFileType = sourcecode.c.h; path = CLFNewFeatureController.h; sourceTree = "<group>"; };
		3F55A5B71B862DC3000FAE56 /* CLFNewFeatureController.m */ = {isa = PBXFileReference; fileEncoding = 4; lastKnownFileType = sourcecode.c.objc; path = CLFNewFeatureController.m; sourceTree = "<group>"; };
		3F67E2821B8EF78200BBBC04 /* libc++.dylib */ = {isa = PBXFileReference; lastKnownFileType = "compiled.mach-o.dylib"; name = "libc++.dylib"; path = "usr/lib/libc++.dylib"; sourceTree = SDKROOT; };
		3F67E28E1B8EF88200BBBC04 /* WeixinActivity.h */ = {isa = PBXFileReference; fileEncoding = 4; lastKnownFileType = sourcecode.c.h; path = WeixinActivity.h; sourceTree = "<group>"; };
		3F67E28F1B8EF88200BBBC04 /* WeixinActivity.m */ = {isa = PBXFileReference; fileEncoding = 4; lastKnownFileType = sourcecode.c.objc; path = WeixinActivity.m; sourceTree = "<group>"; };
		3F67E2901B8EF88200BBBC04 /* WeixinActivityBase.h */ = {isa = PBXFileReference; fileEncoding = 4; lastKnownFileType = sourcecode.c.h; path = WeixinActivityBase.h; sourceTree = "<group>"; };
		3F67E2911B8EF88200BBBC04 /* WeixinActivityBase.m */ = {isa = PBXFileReference; fileEncoding = 4; lastKnownFileType = sourcecode.c.objc; path = WeixinActivityBase.m; sourceTree = "<group>"; };
		3F67E2921B8EF88200BBBC04 /* WeixinSessionActivity.h */ = {isa = PBXFileReference; fileEncoding = 4; lastKnownFileType = sourcecode.c.h; path = WeixinSessionActivity.h; sourceTree = "<group>"; };
		3F67E2931B8EF88200BBBC04 /* WeixinSessionActivity.m */ = {isa = PBXFileReference; fileEncoding = 4; lastKnownFileType = sourcecode.c.objc; path = WeixinSessionActivity.m; sourceTree = "<group>"; };
		3F67E2941B8EF88200BBBC04 /* WeixinTimelineActivity.h */ = {isa = PBXFileReference; fileEncoding = 4; lastKnownFileType = sourcecode.c.h; path = WeixinTimelineActivity.h; sourceTree = "<group>"; };
		3F67E2951B8EF88200BBBC04 /* WeixinTimelineActivity.m */ = {isa = PBXFileReference; fileEncoding = 4; lastKnownFileType = sourcecode.c.objc; path = WeixinTimelineActivity.m; sourceTree = "<group>"; };
		3F67E2A21B8EFA8200BBBC04 /* libz.dylib */ = {isa = PBXFileReference; lastKnownFileType = "compiled.mach-o.dylib"; name = libz.dylib; path = usr/lib/libz.dylib; sourceTree = SDKROOT; };
		3F67E2A41B8EFA9100BBBC04 /* libsqlite3.0.dylib */ = {isa = PBXFileReference; lastKnownFileType = "compiled.mach-o.dylib"; name = libsqlite3.0.dylib; path = usr/lib/libsqlite3.0.dylib; sourceTree = SDKROOT; };
		3F67E2A61B8EFA9F00BBBC04 /* SystemConfiguration.framework */ = {isa = PBXFileReference; lastKnownFileType = wrapper.framework; name = SystemConfiguration.framework; path = System/Library/Frameworks/SystemConfiguration.framework; sourceTree = SDKROOT; };
		3F69D23C1B846E0A00DD6B03 /* CLFCloud.h */ = {isa = PBXFileReference; fileEncoding = 4; lastKnownFileType = sourcecode.c.h; path = CLFCloud.h; sourceTree = "<group>"; };
		3F69D23D1B846E0A00DD6B03 /* CLFCloud.m */ = {isa = PBXFileReference; fileEncoding = 4; lastKnownFileType = sourcecode.c.objc; path = CLFCloud.m; sourceTree = "<group>"; };
		3F710C401BAE67DB006B1044 /* CLFCardView.h */ = {isa = PBXFileReference; fileEncoding = 4; lastKnownFileType = sourcecode.c.h; path = CLFCardView.h; sourceTree = "<group>"; };
		3F710C411BAE67DB006B1044 /* CLFCardView.m */ = {isa = PBXFileReference; fileEncoding = 4; lastKnownFileType = sourcecode.c.objc; path = CLFCardView.m; sourceTree = "<group>"; };
		3F7F66521B7D91E20045C689 /* Fire.gif */ = {isa = PBXFileReference; lastKnownFileType = image.gif; path = Fire.gif; sourceTree = "<group>"; };
		3F7F66571B7DFD390045C689 /* LaunchScreen.xib */ = {isa = PBXFileReference; fileEncoding = 4; lastKnownFileType = file.xib; path = LaunchScreen.xib; sourceTree = "<group>"; };
		3F8FDA5A1BB010D1004C86B5 /* CLFFunctions.c */ = {isa = PBXFileReference; fileEncoding = 4; lastKnownFileType = sourcecode.c.c; path = CLFFunctions.c; sourceTree = "<group>"; };
		3F8FDA5B1BB010D1004C86B5 /* CLFFunctions.h */ = {isa = PBXFileReference; fileEncoding = 4; lastKnownFileType = sourcecode.c.h; path = CLFFunctions.h; sourceTree = "<group>"; };
		3F8FDA621BB02CB2004C86B5 /* CLFShareViewController.h */ = {isa = PBXFileReference; fileEncoding = 4; lastKnownFileType = sourcecode.c.h; path = CLFShareViewController.h; sourceTree = "<group>"; };
		3F8FDA631BB02CB2004C86B5 /* CLFShareViewController.m */ = {isa = PBXFileReference; fileEncoding = 4; lastKnownFileType = sourcecode.c.objc; path = CLFShareViewController.m; sourceTree = "<group>"; };
		3F8FDA691BB032A7004C86B5 /* CLFModalTransitionManager.h */ = {isa = PBXFileReference; fileEncoding = 4; lastKnownFileType = sourcecode.c.h; path = CLFModalTransitionManager.h; sourceTree = "<group>"; };
		3F8FDA6A1BB032A7004C86B5 /* CLFModalTransitionManager.m */ = {isa = PBXFileReference; fileEncoding = 4; lastKnownFileType = sourcecode.c.objc; path = CLFModalTransitionManager.m; sourceTree = "<group>"; };
		3FA747A41B8D950E001121AD /* 3.mp3 */ = {isa = PBXFileReference; lastKnownFileType = audio.mp3; path = 3.mp3; sourceTree = "<group>"; };
		3FA8695B1B858C3B00799E0A /* CLFPlayButton.h */ = {isa = PBXFileReference; fileEncoding = 4; lastKnownFileType = sourcecode.c.h; path = CLFPlayButton.h; sourceTree = "<group>"; };
		3FA8695C1B858C3B00799E0A /* CLFPlayButton.m */ = {isa = PBXFileReference; fileEncoding = 4; lastKnownFileType = sourcecode.c.objc; path = CLFPlayButton.m; sourceTree = "<group>"; };
		3FA869601B85C98A00799E0A /* 2.mp3 */ = {isa = PBXFileReference; lastKnownFileType = audio.mp3; path = 2.mp3; sourceTree = "<group>"; };
		3FB5EA7A1B8E16AA00CDF0B0 /* libWeChatSDK.a */ = {isa = PBXFileReference; lastKnownFileType = archive.ar; path = libWeChatSDK.a; sourceTree = "<group>"; };
		3FB5EA7B1B8E16AA00CDF0B0 /* read_me.txt */ = {isa = PBXFileReference; fileEncoding = 4; lastKnownFileType = text; path = read_me.txt; sourceTree = "<group>"; };
		3FB5EA7C1B8E16AA00CDF0B0 /* WXApi.h */ = {isa = PBXFileReference; fileEncoding = 4; lastKnownFileType = sourcecode.c.h; path = WXApi.h; sourceTree = "<group>"; };
		3FB5EA7D1B8E16AA00CDF0B0 /* WXApiObject.h */ = {isa = PBXFileReference; fileEncoding = 4; lastKnownFileType = sourcecode.c.h; path = WXApiObject.h; sourceTree = "<group>"; };
		3FCB4CF31B86C33B00B854E4 /* CLFEndView.h */ = {isa = PBXFileReference; fileEncoding = 4; lastKnownFileType = sourcecode.c.h; path = CLFEndView.h; sourceTree = "<group>"; };
		3FCB4CF41B86C33B00B854E4 /* CLFEndView.m */ = {isa = PBXFileReference; fileEncoding = 4; lastKnownFileType = sourcecode.c.objc; path = CLFEndView.m; sourceTree = "<group>"; };
		3FCF3A521B7B9F2D00B9FFFF /* UIImage+animatedGIF.h */ = {isa = PBXFileReference; fileEncoding = 4; lastKnownFileType = sourcecode.c.h; path = "UIImage+animatedGIF.h"; sourceTree = "<group>"; };
		3FCF3A531B7B9F2D00B9FFFF /* UIImage+animatedGIF.m */ = {isa = PBXFileReference; fileEncoding = 4; lastKnownFileType = sourcecode.c.objc; path = "UIImage+animatedGIF.m"; sourceTree = "<group>"; };
		3FDEF5B21B8D6DAE00A65DC1 /* CLFEndButton.h */ = {isa = PBXFileReference; fileEncoding = 4; lastKnownFileType = sourcecode.c.h; path = CLFEndButton.h; sourceTree = "<group>"; };
		3FDEF5B31B8D6DAE00A65DC1 /* CLFEndButton.m */ = {isa = PBXFileReference; fileEncoding = 4; lastKnownFileType = sourcecode.c.objc; path = CLFEndButton.m; sourceTree = "<group>"; };
		3FE6F4921B887B6000D06810 /* CLFPageControl.h */ = {isa = PBXFileReference; fileEncoding = 4; lastKnownFileType = sourcecode.c.h; path = CLFPageControl.h; sourceTree = "<group>"; };
		3FE6F4931B887B6000D06810 /* CLFPageControl.m */ = {isa = PBXFileReference; fileEncoding = 4; lastKnownFileType = sourcecode.c.objc; path = CLFPageControl.m; sourceTree = "<group>"; };
		3FE6F4951B8890F800D06810 /* CLFIncenseCommonHeader.h */ = {isa = PBXFileReference; fileEncoding = 4; lastKnownFileType = sourcecode.c.h; path = CLFIncenseCommonHeader.h; sourceTree = "<group>"; };
		3FE6F4961B88A05A00D06810 /* CLFAudioPlayView.h */ = {isa = PBXFileReference; fileEncoding = 4; lastKnownFileType = sourcecode.c.h; path = CLFAudioPlayView.h; sourceTree = "<group>"; };
		3FE6F4971B88A05A00D06810 /* CLFAudioPlayView.m */ = {isa = PBXFileReference; fileEncoding = 4; lastKnownFileType = sourcecode.c.objc; path = CLFAudioPlayView.m; sourceTree = "<group>"; };
		6A7089371B8EF4C70047ED0B /* Fabric.framework */ = {isa = PBXFileReference; lastKnownFileType = wrapper.framework; path = Fabric.framework; sourceTree = "<group>"; };
		6A7089381B8EF4C70047ED0B /* Crashlytics.framework */ = {isa = PBXFileReference; lastKnownFileType = wrapper.framework; path = Crashlytics.framework; sourceTree = "<group>"; };
/* End PBXFileReference section */

/* Begin PBXFrameworksBuildPhase section */
		3F48CDEF1B78777F00F889BC /* Frameworks */ = {
			isa = PBXFrameworksBuildPhase;
			buildActionMask = 2147483647;
			files = (
				6A70893A1B8EF4C70047ED0B /* Crashlytics.framework in Frameworks */,
				6A7089391B8EF4C70047ED0B /* Fabric.framework in Frameworks */,
				3F67E2A71B8EFA9F00BBBC04 /* SystemConfiguration.framework in Frameworks */,
				3F67E2A51B8EFA9100BBBC04 /* libsqlite3.0.dylib in Frameworks */,
				3F67E2A31B8EFA8200BBBC04 /* libz.dylib in Frameworks */,
				3F67E2831B8EF78200BBBC04 /* libc++.dylib in Frameworks */,
				3FB5EA7E1B8E16AA00CDF0B0 /* libWeChatSDK.a in Frameworks */,
			);
			runOnlyForDeploymentPostprocessing = 0;
		};
		3F48CE081B78777F00F889BC /* Frameworks */ = {
			isa = PBXFrameworksBuildPhase;
			buildActionMask = 2147483647;
			files = (
			);
			runOnlyForDeploymentPostprocessing = 0;
		};
/* End PBXFrameworksBuildPhase section */

/* Begin PBXGroup section */
		3F1956A01B789B95003A5575 /* Libs */ = {
			isa = PBXGroup;
			children = (
				3F67E2841B8EF88200BBBC04 /* WeixinActivity */,
				3FB5EA791B8E16AA00CDF0B0 /* WeChatSDK_1.5 */,
				3FCF3A511B7B9E6200B9FFFF /* ThirdPartyCategory */,
				3F3AA2B21B7B0BFD00DD9E84 /* BMWaveMaker */,
				3F1956A51B78B95A003A5575 /* Masonry */,
				3F1956A11B789BCB003A5575 /* Waver */,
			);
			path = Libs;
			sourceTree = "<group>";
		};
		3F1956A11B789BCB003A5575 /* Waver */ = {
			isa = PBXGroup;
			children = (
				3F1956A21B789BE7003A5575 /* Waver.h */,
				3F1956A31B789BE7003A5575 /* Waver.m */,
			);
			path = Waver;
			sourceTree = "<group>";
		};
		3F1956A51B78B95A003A5575 /* Masonry */ = {
			isa = PBXGroup;
			children = (
				3F1956A61B78B95A003A5575 /* Info.plist */,
				3F1956A71B78B95A003A5575 /* MASCompositeConstraint.h */,
				3F1956A81B78B95A003A5575 /* MASCompositeConstraint.m */,
				3F1956A91B78B95A003A5575 /* MASConstraint+Private.h */,
				3F1956AA1B78B95A003A5575 /* MASConstraint.h */,
				3F1956AB1B78B95A003A5575 /* MASConstraint.m */,
				3F1956AC1B78B95A003A5575 /* MASConstraintMaker.h */,
				3F1956AD1B78B95A003A5575 /* MASConstraintMaker.m */,
				3F1956AE1B78B95A003A5575 /* MASLayoutConstraint.h */,
				3F1956AF1B78B95A003A5575 /* MASLayoutConstraint.m */,
				3F1956B01B78B95A003A5575 /* Masonry.h */,
				3F1956B11B78B95A003A5575 /* MASUtilities.h */,
				3F1956B21B78B95A003A5575 /* MASViewAttribute.h */,
				3F1956B31B78B95A003A5575 /* MASViewAttribute.m */,
				3F1956B41B78B95A003A5575 /* MASViewConstraint.h */,
				3F1956B51B78B95A003A5575 /* MASViewConstraint.m */,
				3F1956B61B78B95A003A5575 /* NSArray+MASAdditions.h */,
				3F1956B71B78B95A003A5575 /* NSArray+MASAdditions.m */,
				3F1956B81B78B95A003A5575 /* NSArray+MASShorthandAdditions.h */,
				3F1956B91B78B95A003A5575 /* NSLayoutConstraint+MASDebugAdditions.h */,
				3F1956BA1B78B95A003A5575 /* NSLayoutConstraint+MASDebugAdditions.m */,
				3F1956BB1B78B95A003A5575 /* View+MASAdditions.h */,
				3F1956BC1B78B95A003A5575 /* View+MASAdditions.m */,
				3F1956BD1B78B95A003A5575 /* View+MASShorthandAdditions.h */,
				3F1956BE1B78B95A003A5575 /* ViewController+MASAdditions.h */,
				3F1956BF1B78B95A003A5575 /* ViewController+MASAdditions.m */,
			);
			path = Masonry;
			sourceTree = "<group>";
		};
		3F3AA2B21B7B0BFD00DD9E84 /* BMWaveMaker */ = {
			isa = PBXGroup;
			children = (
				3F3AA2B31B7B0BFD00DD9E84 /* BMWaveLayer.h */,
				3F3AA2B41B7B0BFD00DD9E84 /* BMWaveLayer.m */,
				3F3AA2B51B7B0BFD00DD9E84 /* BMWaveMaker.h */,
				3F3AA2B61B7B0BFD00DD9E84 /* BMWaveMaker.m */,
			);
			path = BMWaveMaker;
			sourceTree = "<group>";
		};
		3F48CDE91B78777F00F889BC = {
			isa = PBXGroup;
			children = (
				3F67E2A61B8EFA9F00BBBC04 /* SystemConfiguration.framework */,
				3F67E2A41B8EFA9100BBBC04 /* libsqlite3.0.dylib */,
				3F67E2A21B8EFA8200BBBC04 /* libz.dylib */,
				3F67E2821B8EF78200BBBC04 /* libc++.dylib */,
				3F48CDF41B78777F00F889BC /* Incense */,
				3F48CE0E1B78777F00F889BC /* IncenseTests */,
				3F48CDF31B78777F00F889BC /* Products */,
			);
			sourceTree = "<group>";
		};
		3F48CDF31B78777F00F889BC /* Products */ = {
			isa = PBXGroup;
			children = (
				3F48CDF21B78777F00F889BC /* Incense.app */,
				3F48CE0B1B78777F00F889BC /* IncenseTests.xctest */,
			);
			name = Products;
			sourceTree = "<group>";
		};
		3F48CDF41B78777F00F889BC /* Incense */ = {
			isa = PBXGroup;
			children = (
				6A7089371B8EF4C70047ED0B /* Fabric.framework */,
				6A7089381B8EF4C70047ED0B /* Crashlytics.framework */,
				3F55A5B21B862B7C000FAE56 /* Tools */,
				3F8FDA651BB02D2F004C86B5 /* Transition */,
				3F8FDA611BB02C80004C86B5 /* Share */,
				3F55A5AF1B862A3A000FAE56 /* NewFeature */,
				3F732C0A1B79E534009DE244 /* Main */,
				3F1956A01B789B95003A5575 /* Libs */,
				3F48CDF51B78777F00F889BC /* Supporting Files */,
			);
			path = Incense;
			sourceTree = "<group>";
		};
		3F48CDF51B78777F00F889BC /* Supporting Files */ = {
			isa = PBXGroup;
			children = (
				3F4EA70B1BAFCC22002E4A8C /* STFangsong.ttf */,
				3FE6F4951B8890F800D06810 /* CLFIncenseCommonHeader.h */,
				3F3AF0771B8C7D090016D548 /* 4.mp3 */,
				3FA747A41B8D950E001121AD /* 3.mp3 */,
				3FA869601B85C98A00799E0A /* 2.mp3 */,
				3F7F66521B7D91E20045C689 /* Fire.gif */,
				3F48CE021B78777F00F889BC /* Images.xcassets */,
				3F48CDF91B78777F00F889BC /* AppDelegate.h */,
				3F48CDFA1B78777F00F889BC /* AppDelegate.m */,
				3F48CDF61B78777F00F889BC /* Info.plist */,
				3F48CDF71B78777F00F889BC /* main.m */,
				3F7F66571B7DFD390045C689 /* LaunchScreen.xib */,
			);
			name = "Supporting Files";
			sourceTree = "<group>";
		};
		3F48CE0E1B78777F00F889BC /* IncenseTests */ = {
			isa = PBXGroup;
			children = (
				3F48CE111B78777F00F889BC /* IncenseTests.m */,
				3F48CE0F1B78777F00F889BC /* Supporting Files */,
			);
			path = IncenseTests;
			sourceTree = "<group>";
		};
		3F48CE0F1B78777F00F889BC /* Supporting Files */ = {
			isa = PBXGroup;
			children = (
				3F48CE101B78777F00F889BC /* Info.plist */,
			);
			name = "Supporting Files";
			sourceTree = "<group>";
		};
		3F55A5AF1B862A3A000FAE56 /* NewFeature */ = {
			isa = PBXGroup;
			children = (
				3F55A5B11B862ABB000FAE56 /* View */,
				3F55A5B01B862A96000FAE56 /* Controller */,
			);
			path = NewFeature;
			sourceTree = "<group>";
		};
		3F55A5B01B862A96000FAE56 /* Controller */ = {
			isa = PBXGroup;
			children = (
				3F55A5B61B862DC3000FAE56 /* CLFNewFeatureController.h */,
				3F55A5B71B862DC3000FAE56 /* CLFNewFeatureController.m */,
			);
			path = Controller;
			sourceTree = "<group>";
		};
		3F55A5B11B862ABB000FAE56 /* View */ = {
			isa = PBXGroup;
			children = (
				3FE6F4921B887B6000D06810 /* CLFPageControl.h */,
				3FE6F4931B887B6000D06810 /* CLFPageControl.m */,
			);
			path = View;
			sourceTree = "<group>";
		};
		3F55A5B21B862B7C000FAE56 /* Tools */ = {
			isa = PBXGroup;
			children = (
				3F55A5B31B862BA0000FAE56 /* CLFMathTools.h */,
				3F55A5B41B862BA0000FAE56 /* CLFMathTools.m */,
				3F8FDA5A1BB010D1004C86B5 /* CLFFunctions.c */,
				3F8FDA5B1BB010D1004C86B5 /* CLFFunctions.h */,
			);
			path = Tools;
			sourceTree = "<group>";
		};
		3F67E2841B8EF88200BBBC04 /* WeixinActivity */ = {
			isa = PBXGroup;
			children = (
				3F67E28E1B8EF88200BBBC04 /* WeixinActivity.h */,
				3F67E28F1B8EF88200BBBC04 /* WeixinActivity.m */,
				3F67E2901B8EF88200BBBC04 /* WeixinActivityBase.h */,
				3F67E2911B8EF88200BBBC04 /* WeixinActivityBase.m */,
				3F67E2921B8EF88200BBBC04 /* WeixinSessionActivity.h */,
				3F67E2931B8EF88200BBBC04 /* WeixinSessionActivity.m */,
				3F67E2941B8EF88200BBBC04 /* WeixinTimelineActivity.h */,
				3F67E2951B8EF88200BBBC04 /* WeixinTimelineActivity.m */,
			);
			path = WeixinActivity;
			sourceTree = "<group>";
		};
		3F732C0A1B79E534009DE244 /* Main */ = {
			isa = PBXGroup;
			children = (
				3F732C0C1B79E587009DE244 /* Controller */,
				3F732C0B1B79E562009DE244 /* View */,
			);
			path = Main;
			sourceTree = "<group>";
		};
		3F732C0B1B79E562009DE244 /* View */ = {
			isa = PBXGroup;
			children = (
				3F1956CB1B78B98F003A5575 /* CLFIncenseView.h */,
				3F1956CC1B78B98F003A5575 /* CLFIncenseView.m */,
				3F69D23C1B846E0A00DD6B03 /* CLFCloud.h */,
				3F69D23D1B846E0A00DD6B03 /* CLFCloud.m */,
				3FE6F4961B88A05A00D06810 /* CLFAudioPlayView.h */,
				3FE6F4971B88A05A00D06810 /* CLFAudioPlayView.m */,
				3FA8695B1B858C3B00799E0A /* CLFPlayButton.h */,
				3FA8695C1B858C3B00799E0A /* CLFPlayButton.m */,
				3FCB4CF31B86C33B00B854E4 /* CLFEndView.h */,
				3FCB4CF41B86C33B00B854E4 /* CLFEndView.m */,
				3FDEF5B21B8D6DAE00A65DC1 /* CLFEndButton.h */,
				3FDEF5B31B8D6DAE00A65DC1 /* CLFEndButton.m */,
			);
			path = View;
			sourceTree = "<group>";
		};
		3F732C0C1B79E587009DE244 /* Controller */ = {
			isa = PBXGroup;
			children = (
				3F48CDFC1B78777F00F889BC /* CLFMainViewController.h */,
				3F48CDFD1B78777F00F889BC /* CLFMainViewController.m */,
			);
			path = Controller;
			sourceTree = "<group>";
		};
		3F8FDA611BB02C80004C86B5 /* Share */ = {
			isa = PBXGroup;
			children = (
				3F8FDA621BB02CB2004C86B5 /* CLFShareViewController.h */,
				3F8FDA631BB02CB2004C86B5 /* CLFShareViewController.m */,
				3F710C401BAE67DB006B1044 /* CLFCardView.h */,
				3F710C411BAE67DB006B1044 /* CLFCardView.m */,
			);
			path = Share;
			sourceTree = "<group>";
		};
		3F8FDA651BB02D2F004C86B5 /* Transition */ = {
			isa = PBXGroup;
			children = (
				3F8FDA691BB032A7004C86B5 /* CLFModalTransitionManager.h */,
				3F8FDA6A1BB032A7004C86B5 /* CLFModalTransitionManager.m */,
			);
			path = Transition;
			sourceTree = "<group>";
		};
		3FB5EA791B8E16AA00CDF0B0 /* WeChatSDK_1.5 */ = {
			isa = PBXGroup;
			children = (
				3FB5EA7A1B8E16AA00CDF0B0 /* libWeChatSDK.a */,
				3FB5EA7B1B8E16AA00CDF0B0 /* read_me.txt */,
				3FB5EA7C1B8E16AA00CDF0B0 /* WXApi.h */,
				3FB5EA7D1B8E16AA00CDF0B0 /* WXApiObject.h */,
			);
			path = WeChatSDK_1.5;
			sourceTree = "<group>";
		};
		3FCF3A511B7B9E6200B9FFFF /* ThirdPartyCategory */ = {
			isa = PBXGroup;
			children = (
				3FCF3A521B7B9F2D00B9FFFF /* UIImage+animatedGIF.h */,
				3FCF3A531B7B9F2D00B9FFFF /* UIImage+animatedGIF.m */,
			);
			path = ThirdPartyCategory;
			sourceTree = "<group>";
		};
/* End PBXGroup section */

/* Begin PBXNativeTarget section */
		3F48CDF11B78777F00F889BC /* Incense */ = {
			isa = PBXNativeTarget;
			buildConfigurationList = 3F48CE151B78777F00F889BC /* Build configuration list for PBXNativeTarget "Incense" */;
			buildPhases = (
				3F48CDEE1B78777F00F889BC /* Sources */,
				3F48CDEF1B78777F00F889BC /* Frameworks */,
				3F48CDF01B78777F00F889BC /* Resources */,
				6A7089361B8EF4AA0047ED0B /* ShellScript */,
			);
			buildRules = (
			);
			dependencies = (
			);
			name = Incense;
			productName = Incense;
			productReference = 3F48CDF21B78777F00F889BC /* Incense.app */;
			productType = "com.apple.product-type.application";
		};
		3F48CE0A1B78777F00F889BC /* IncenseTests */ = {
			isa = PBXNativeTarget;
			buildConfigurationList = 3F48CE181B78777F00F889BC /* Build configuration list for PBXNativeTarget "IncenseTests" */;
			buildPhases = (
				3F48CE071B78777F00F889BC /* Sources */,
				3F48CE081B78777F00F889BC /* Frameworks */,
				3F48CE091B78777F00F889BC /* Resources */,
			);
			buildRules = (
			);
			dependencies = (
				3F48CE0D1B78777F00F889BC /* PBXTargetDependency */,
			);
			name = IncenseTests;
			productName = IncenseTests;
			productReference = 3F48CE0B1B78777F00F889BC /* IncenseTests.xctest */;
			productType = "com.apple.product-type.bundle.unit-test";
		};
/* End PBXNativeTarget section */

/* Begin PBXProject section */
		3F48CDEA1B78777F00F889BC /* Project object */ = {
			isa = PBXProject;
			attributes = {
				LastUpgradeCheck = 0640;
				ORGANIZATIONNAME = CaiGavin;
				TargetAttributes = {
					3F48CDF11B78777F00F889BC = {
						CreatedOnToolsVersion = 6.4;
					};
					3F48CE0A1B78777F00F889BC = {
						CreatedOnToolsVersion = 6.4;
						TestTargetID = 3F48CDF11B78777F00F889BC;
					};
				};
			};
			buildConfigurationList = 3F48CDED1B78777F00F889BC /* Build configuration list for PBXProject "Incense" */;
			compatibilityVersion = "Xcode 3.2";
			developmentRegion = English;
			hasScannedForEncodings = 0;
			knownRegions = (
				en,
				Base,
			);
			mainGroup = 3F48CDE91B78777F00F889BC;
			productRefGroup = 3F48CDF31B78777F00F889BC /* Products */;
			projectDirPath = "";
			projectRoot = "";
			targets = (
				3F48CDF11B78777F00F889BC /* Incense */,
				3F48CE0A1B78777F00F889BC /* IncenseTests */,
			);
		};
/* End PBXProject section */

/* Begin PBXResourcesBuildPhase section */
		3F48CDF01B78777F00F889BC /* Resources */ = {
			isa = PBXResourcesBuildPhase;
			buildActionMask = 2147483647;
			files = (
				3F7F66581B7DFD390045C689 /* LaunchScreen.xib in Resources */,
				3F4EA70C1BAFCC22002E4A8C /* STFangsong.ttf in Resources */,
				3FA747A51B8D950E001121AD /* 3.mp3 in Resources */,
				3F1956C01B78B95A003A5575 /* Info.plist in Resources */,
				3FA869631B85C98A00799E0A /* 2.mp3 in Resources */,
				3F7F66531B7D91E20045C689 /* Fire.gif in Resources */,
				3F3AF0781B8C7D090016D548 /* 4.mp3 in Resources */,
				3FB5EA7F1B8E16AA00CDF0B0 /* read_me.txt in Resources */,
				3F48CE031B78777F00F889BC /* Images.xcassets in Resources */,
			);
			runOnlyForDeploymentPostprocessing = 0;
		};
		3F48CE091B78777F00F889BC /* Resources */ = {
			isa = PBXResourcesBuildPhase;
			buildActionMask = 2147483647;
			files = (
			);
			runOnlyForDeploymentPostprocessing = 0;
		};
/* End PBXResourcesBuildPhase section */

/* Begin PBXShellScriptBuildPhase section */
		6A7089361B8EF4AA0047ED0B /* ShellScript */ = {
			isa = PBXShellScriptBuildPhase;
			buildActionMask = 2147483647;
			files = (
			);
			inputPaths = (
			);
			outputPaths = (
			);
			runOnlyForDeploymentPostprocessing = 0;
			shellPath = /bin/sh;
			shellScript = "./Fabric.framework/run 3030ba006e21bcf8eb4a2127b6a7931ea6667486 1b6549ac285402b232e4718eda293559d8ed8df039017af3fa9593518395eef0";
		};
/* End PBXShellScriptBuildPhase section */

/* Begin PBXSourcesBuildPhase section */
		3F48CDEE1B78777F00F889BC /* Sources */ = {
			isa = PBXSourcesBuildPhase;
			buildActionMask = 2147483647;
			files = (
				3F1956C31B78B95A003A5575 /* MASConstraintMaker.m in Sources */,
				3F48CDFE1B78777F00F889BC /* CLFMainViewController.m in Sources */,
				3F48CDFB1B78777F00F889BC /* AppDelegate.m in Sources */,
				3F1956C21B78B95A003A5575 /* MASConstraint.m in Sources */,
				3FA8695D1B858C3B00799E0A /* CLFPlayButton.m in Sources */,
				3F1956CA1B78B95A003A5575 /* ViewController+MASAdditions.m in Sources */,
				3F67E29E1B8EF88200BBBC04 /* WeixinActivity.m in Sources */,
				3F8FDA5C1BB010D1004C86B5 /* CLFFunctions.c in Sources */,
				3F1956C41B78B95A003A5575 /* MASLayoutConstraint.m in Sources */,
				3FE6F4941B887B6000D06810 /* CLFPageControl.m in Sources */,
				3F1956C71B78B95A003A5575 /* NSArray+MASAdditions.m in Sources */,
				3F3AA2B81B7B0BFD00DD9E84 /* BMWaveMaker.m in Sources */,
				3F67E29F1B8EF88200BBBC04 /* WeixinActivityBase.m in Sources */,
				3F1956C61B78B95A003A5575 /* MASViewConstraint.m in Sources */,
				3F8FDA6B1BB032A7004C86B5 /* CLFModalTransitionManager.m in Sources */,
				3F55A5B81B862DC3000FAE56 /* CLFNewFeatureController.m in Sources */,
				3FDEF5B41B8D6DAE00A65DC1 /* CLFEndButton.m in Sources */,
				3F1956C51B78B95A003A5575 /* MASViewAttribute.m in Sources */,
				3F67E2A01B8EF88200BBBC04 /* WeixinSessionActivity.m in Sources */,
				3F710C421BAE67DB006B1044 /* CLFCardView.m in Sources */,
				3F1956C91B78B95A003A5575 /* View+MASAdditions.m in Sources */,
				3F48CDF81B78777F00F889BC /* main.m in Sources */,
				3F1956A41B789BE7003A5575 /* Waver.m in Sources */,
				3F1956C11B78B95A003A5575 /* MASCompositeConstraint.m in Sources */,
				3FE6F4981B88A05A00D06810 /* CLFAudioPlayView.m in Sources */,
				3F55A5B51B862BA0000FAE56 /* CLFMathTools.m in Sources */,
				3F8FDA641BB02CB2004C86B5 /* CLFShareViewController.m in Sources */,
				3F3AA2B71B7B0BFD00DD9E84 /* BMWaveLayer.m in Sources */,
				3F1956C81B78B95A003A5575 /* NSLayoutConstraint+MASDebugAdditions.m in Sources */,
				3F67E2A11B8EF88200BBBC04 /* WeixinTimelineActivity.m in Sources */,
				3FCB4CF51B86C33B00B854E4 /* CLFEndView.m in Sources */,
				3FCF3A541B7B9F2D00B9FFFF /* UIImage+animatedGIF.m in Sources */,
				3F1956CD1B78B98F003A5575 /* CLFIncenseView.m in Sources */,
				3F69D23E1B846E0A00DD6B03 /* CLFCloud.m in Sources */,
			);
			runOnlyForDeploymentPostprocessing = 0;
		};
		3F48CE071B78777F00F889BC /* Sources */ = {
			isa = PBXSourcesBuildPhase;
			buildActionMask = 2147483647;
			files = (
				3F48CE121B78777F00F889BC /* IncenseTests.m in Sources */,
			);
			runOnlyForDeploymentPostprocessing = 0;
		};
/* End PBXSourcesBuildPhase section */

/* Begin PBXTargetDependency section */
		3F48CE0D1B78777F00F889BC /* PBXTargetDependency */ = {
			isa = PBXTargetDependency;
			target = 3F48CDF11B78777F00F889BC /* Incense */;
			targetProxy = 3F48CE0C1B78777F00F889BC /* PBXContainerItemProxy */;
		};
/* End PBXTargetDependency section */

/* Begin XCBuildConfiguration section */
		3F48CE131B78777F00F889BC /* Debug */ = {
			isa = XCBuildConfiguration;
			buildSettings = {
				ALWAYS_SEARCH_USER_PATHS = NO;
				CLANG_CXX_LANGUAGE_STANDARD = "gnu++0x";
				CLANG_CXX_LIBRARY = "libc++";
				CLANG_ENABLE_MODULES = YES;
				CLANG_ENABLE_OBJC_ARC = YES;
				CLANG_WARN_BOOL_CONVERSION = YES;
				CLANG_WARN_CONSTANT_CONVERSION = YES;
				CLANG_WARN_DIRECT_OBJC_ISA_USAGE = YES_ERROR;
				CLANG_WARN_EMPTY_BODY = YES;
				CLANG_WARN_ENUM_CONVERSION = YES;
				CLANG_WARN_INT_CONVERSION = YES;
				CLANG_WARN_OBJC_ROOT_CLASS = YES_ERROR;
				CLANG_WARN_UNREACHABLE_CODE = YES;
				CLANG_WARN__DUPLICATE_METHOD_MATCH = YES;
				CODE_SIGN_IDENTITY = "iPhone Developer";
				"CODE_SIGN_IDENTITY[sdk=iphoneos*]" = "iPhone Developer";
				COPY_PHASE_STRIP = NO;
				DEBUG_INFORMATION_FORMAT = "dwarf-with-dsym";
				ENABLE_STRICT_OBJC_MSGSEND = YES;
				GCC_C_LANGUAGE_STANDARD = gnu99;
				GCC_DYNAMIC_NO_PIC = NO;
				GCC_NO_COMMON_BLOCKS = YES;
				GCC_OPTIMIZATION_LEVEL = 0;
				GCC_PREPROCESSOR_DEFINITIONS = (
					"DEBUG=1",
					"$(inherited)",
				);
				GCC_SYMBOLS_PRIVATE_EXTERN = NO;
				GCC_WARN_64_TO_32_BIT_CONVERSION = YES;
				GCC_WARN_ABOUT_RETURN_TYPE = YES_ERROR;
				GCC_WARN_UNDECLARED_SELECTOR = YES;
				GCC_WARN_UNINITIALIZED_AUTOS = YES_AGGRESSIVE;
				GCC_WARN_UNUSED_FUNCTION = YES;
				GCC_WARN_UNUSED_VARIABLE = YES;
				IPHONEOS_DEPLOYMENT_TARGET = 8.0;
				MTL_ENABLE_DEBUG_INFO = YES;
				ONLY_ACTIVE_ARCH = YES;
				SDKROOT = iphoneos;
			};
			name = Debug;
		};
		3F48CE141B78777F00F889BC /* Release */ = {
			isa = XCBuildConfiguration;
			buildSettings = {
				ALWAYS_SEARCH_USER_PATHS = NO;
				CLANG_CXX_LANGUAGE_STANDARD = "gnu++0x";
				CLANG_CXX_LIBRARY = "libc++";
				CLANG_ENABLE_MODULES = YES;
				CLANG_ENABLE_OBJC_ARC = YES;
				CLANG_WARN_BOOL_CONVERSION = YES;
				CLANG_WARN_CONSTANT_CONVERSION = YES;
				CLANG_WARN_DIRECT_OBJC_ISA_USAGE = YES_ERROR;
				CLANG_WARN_EMPTY_BODY = YES;
				CLANG_WARN_ENUM_CONVERSION = YES;
				CLANG_WARN_INT_CONVERSION = YES;
				CLANG_WARN_OBJC_ROOT_CLASS = YES_ERROR;
				CLANG_WARN_UNREACHABLE_CODE = YES;
				CLANG_WARN__DUPLICATE_METHOD_MATCH = YES;
				CODE_SIGN_IDENTITY = "iPhone Developer";
				"CODE_SIGN_IDENTITY[sdk=iphoneos*]" = "iPhone Developer";
				COPY_PHASE_STRIP = NO;
				DEBUG_INFORMATION_FORMAT = "dwarf-with-dsym";
				ENABLE_NS_ASSERTIONS = NO;
				ENABLE_STRICT_OBJC_MSGSEND = YES;
				GCC_C_LANGUAGE_STANDARD = gnu99;
				GCC_NO_COMMON_BLOCKS = YES;
				GCC_WARN_64_TO_32_BIT_CONVERSION = YES;
				GCC_WARN_ABOUT_RETURN_TYPE = YES_ERROR;
				GCC_WARN_UNDECLARED_SELECTOR = YES;
				GCC_WARN_UNINITIALIZED_AUTOS = YES_AGGRESSIVE;
				GCC_WARN_UNUSED_FUNCTION = YES;
				GCC_WARN_UNUSED_VARIABLE = YES;
				IPHONEOS_DEPLOYMENT_TARGET = 8.0;
				MTL_ENABLE_DEBUG_INFO = NO;
				SDKROOT = iphoneos;
				VALIDATE_PRODUCT = YES;
			};
			name = Release;
		};
		3F48CE161B78777F00F889BC /* Debug */ = {
			isa = XCBuildConfiguration;
			buildSettings = {
				ASSETCATALOG_COMPILER_APPICON_NAME = AppIcon;
				CODE_SIGN_IDENTITY = "iPhone Developer";
				"CODE_SIGN_IDENTITY[sdk=iphoneos*]" = "iPhone Developer";
				ENABLE_BITCODE = NO;
				FRAMEWORK_SEARCH_PATHS = (
					"$(inherited)",
					"$(PROJECT_DIR)/Incense",
				);
				INFOPLIST_FILE = Incense/Info.plist;
				IPHONEOS_DEPLOYMENT_TARGET = 8.0;
				LD_RUNPATH_SEARCH_PATHS = "$(inherited) @executable_path/Frameworks";
				LIBRARY_SEARCH_PATHS = (
					"$(inherited)",
					"$(PROJECT_DIR)/Incense/Libs/WeChatSDK_1.5",
				);
				PRODUCT_NAME = "$(TARGET_NAME)";
				PROVISIONING_PROFILE = "";
			};
			name = Debug;
		};
		3F48CE171B78777F00F889BC /* Release */ = {
			isa = XCBuildConfiguration;
			buildSettings = {
				ASSETCATALOG_COMPILER_APPICON_NAME = AppIcon;
				CODE_SIGN_IDENTITY = "iPhone Developer";
				"CODE_SIGN_IDENTITY[sdk=iphoneos*]" = "iPhone Developer";
				ENABLE_BITCODE = NO;
				FRAMEWORK_SEARCH_PATHS = (
					"$(inherited)",
					"$(PROJECT_DIR)/Incense",
				);
				INFOPLIST_FILE = Incense/Info.plist;
				IPHONEOS_DEPLOYMENT_TARGET = 8.0;
				LD_RUNPATH_SEARCH_PATHS = "$(inherited) @executable_path/Frameworks";
				LIBRARY_SEARCH_PATHS = (
					"$(inherited)",
					"$(PROJECT_DIR)/Incense/Libs/WeChatSDK_1.5",
				);
				PRODUCT_NAME = "$(TARGET_NAME)";
				PROVISIONING_PROFILE = "";
			};
			name = Release;
		};
		3F48CE191B78777F00F889BC /* Debug */ = {
			isa = XCBuildConfiguration;
			buildSettings = {
				BUNDLE_LOADER = "$(TEST_HOST)";
				FRAMEWORK_SEARCH_PATHS = (
					"$(SDKROOT)/Developer/Library/Frameworks",
					"$(inherited)",
				);
				GCC_PREPROCESSOR_DEFINITIONS = (
					"DEBUG=1",
					"$(inherited)",
				);
				INFOPLIST_FILE = IncenseTests/Info.plist;
				LD_RUNPATH_SEARCH_PATHS = "$(inherited) @executable_path/Frameworks @loader_path/Frameworks";
				PRODUCT_NAME = "$(TARGET_NAME)";
				TEST_HOST = "$(BUILT_PRODUCTS_DIR)/Incense.app/Incense";
			};
			name = Debug;
		};
		3F48CE1A1B78777F00F889BC /* Release */ = {
			isa = XCBuildConfiguration;
			buildSettings = {
				BUNDLE_LOADER = "$(TEST_HOST)";
				FRAMEWORK_SEARCH_PATHS = (
					"$(SDKROOT)/Developer/Library/Frameworks",
					"$(inherited)",
				);
				INFOPLIST_FILE = IncenseTests/Info.plist;
				LD_RUNPATH_SEARCH_PATHS = "$(inherited) @executable_path/Frameworks @loader_path/Frameworks";
				PRODUCT_NAME = "$(TARGET_NAME)";
				TEST_HOST = "$(BUILT_PRODUCTS_DIR)/Incense.app/Incense";
			};
			name = Release;
		};
/* End XCBuildConfiguration section */

/* Begin XCConfigurationList section */
		3F48CDED1B78777F00F889BC /* Build configuration list for PBXProject "Incense" */ = {
			isa = XCConfigurationList;
			buildConfigurations = (
				3F48CE131B78777F00F889BC /* Debug */,
				3F48CE141B78777F00F889BC /* Release */,
			);
			defaultConfigurationIsVisible = 0;
			defaultConfigurationName = Release;
		};
		3F48CE151B78777F00F889BC /* Build configuration list for PBXNativeTarget "Incense" */ = {
			isa = XCConfigurationList;
			buildConfigurations = (
				3F48CE161B78777F00F889BC /* Debug */,
				3F48CE171B78777F00F889BC /* Release */,
			);
			defaultConfigurationIsVisible = 0;
			defaultConfigurationName = Release;
		};
		3F48CE181B78777F00F889BC /* Build configuration list for PBXNativeTarget "IncenseTests" */ = {
			isa = XCConfigurationList;
			buildConfigurations = (
				3F48CE191B78777F00F889BC /* Debug */,
				3F48CE1A1B78777F00F889BC /* Release */,
			);
			defaultConfigurationIsVisible = 0;
			defaultConfigurationName = Release;
		};
/* End XCConfigurationList section */
	};
	rootObject = 3F48CDEA1B78777F00F889BC /* Project object */;
}
